{
  "version": 4,
  "terraform_version": "1.4.6",
  "serial": 9,
  "lineage": "6a60d754-b473-0cea-e085-8452e2abb941",
  "outputs": {},
  "resources": [
    {
      "mode": "data",
      "type": "archive_file",
      "name": "lambda",
      "provider": "provider[\"registry.terraform.io/hashicorp/archive\"]",
      "instances": [
        {
          "schema_version": 0,
          "attributes": {
            "exclude_symlink_directories": null,
            "excludes": null,
            "id": "4d945a53657bae8b17ebe8664a350c53fa454b9a",
            "output_base64sha256": "Dw5D5DTGohcJNAxuZOWt47ePxbavLuJTyJCqVfYFfQ0=",
            "output_base64sha512": "Ten6KRw9L/+Q8HEOoh0smRSJ1BXxSRe6Rwp5yQmZMgi43c8bkx05kCpRDEzLN5D6Iov28wUBZkqwHBKPF8KAcg==",
            "output_file_mode": null,
            "output_md5": "68408d45bd3c6b86d1c5be8e2310e0da",
            "output_path": "../HelloWorld-1.0asdf.zip",
            "output_sha": "4d945a53657bae8b17ebe8664a350c53fa454b9a",
            "output_sha256": "0f0e43e434c6a21709340c6e64e5ade3b78fc5b6af2ee253c890aa55f6057d0d",
            "output_sha512": "4de9fa291c3d2fff90f0710ea21d2c991489d415f14917ba470a79c909993208b8ddcf1b931d39902a510c4ccb3790fa228bf6f30501664ab01c128f17c28072",
            "output_size": 147,
            "source": [],
            "source_content": null,
            "source_content_filename": null,
            "source_dir": null,
            "source_file": "../HelloWorld-1.0",
            "type": "zip"
          },
          "sensitive_attributes": []
        }
      ]
    },
    {
      "mode": "data",
      "type": "aws_iam_policy_document",
      "name": "assume_role",
      "provider": "provider[\"registry.terraform.io/hashicorp/aws\"]",
      "instances": [
        {
          "schema_version": 0,
          "attributes": {
            "id": "2690255455",
            "json": "{\n  \"Version\": \"2012-10-17\",\n  \"Statement\": [\n    {\n      \"Effect\": \"Allow\",\n      \"Action\": \"sts:AssumeRole\",\n      \"Principal\": {\n        \"Service\": \"lambda.amazonaws.com\"\n      }\n    }\n  ]\n}",
            "override_policy_documents": null,
            "policy_id": null,
            "source_policy_documents": null,
            "statement": [
              {
                "actions": [
                  "sts:AssumeRole"
                ],
                "condition": [],
                "effect": "Allow",
                "not_actions": [],
                "not_principals": [],
                "not_resources": [],
                "principals": [
                  {
                    "identifiers": [
                      "lambda.amazonaws.com"
                    ],
                    "type": "Service"
                  }
                ],
                "resources": [],
                "sid": ""
              }
            ],
            "version": "2012-10-17"
          },
          "sensitive_attributes": []
        }
      ]
    },
    {
      "mode": "managed",
      "type": "aws_iam_role",
      "name": "iam_for_lambda",
      "provider": "provider[\"registry.terraform.io/hashicorp/aws\"]",
      "instances": [
        {
          "schema_version": 0,
          "attributes": {
            "arn": "arn:aws:iam::959175409202:role/iam_for_lambda",
            "assume_role_policy": "{\"Statement\":[{\"Action\":\"sts:AssumeRole\",\"Effect\":\"Allow\",\"Principal\":{\"Service\":\"lambda.amazonaws.com\"}}],\"Version\":\"2012-10-17\"}",
            "create_date": "2023-09-20T03:23:18Z",
            "description": "",
            "force_detach_policies": false,
            "id": "iam_for_lambda",
            "inline_policy": [],
            "managed_policy_arns": [],
            "max_session_duration": 3600,
            "name": "iam_for_lambda",
            "name_prefix": "",
            "path": "/",
            "permissions_boundary": null,
            "tags": {},
            "tags_all": {},
            "unique_id": "AROA56U2PHYZBWWHEOYTA"
          },
          "sensitive_attributes": [],
          "private": "bnVsbA==",
          "dependencies": [
            "data.aws_iam_policy_document.assume_role"
          ]
        }
      ]
    }
  ],
  "check_results": null
}
